
Microsoft Visual Studio Solution File, Format Version 12.00
# Visual Studio Version 17
VisualStudioVersion = 17.0.31903.59
MinimumVisualStudioVersion = 10.0.40219.1
Project("{FAE04EC0-301F-11D3-BF4B-00C04F79EFBC}") = "Api", "Api\Api.csproj", "{1555D5BE-B79C-45EF-B1AE-9D519F69E485}"
EndProject
Project("{FAE04EC0-301F-11D3-BF4B-00C04F79EFBC}") = "Infrastructure", "Infrastructure\Infrastructure.csproj", "{003E48D6-756A-43A5-A31E-ABFD4E85540F}"
EndProject
Project("{FAE04EC0-301F-11D3-BF4B-00C04F79EFBC}") = "Core", "Core\Core.csproj", "{A54BBA13-21C3-488B-B54E-A67456FA381F}"
EndProject
Global
	GlobalSection(SolutionConfigurationPlatforms) = preSolution
		Debug|Any CPU = Debug|Any CPU
		Release|Any CPU = Release|Any CPU
	EndGlobalSection
	GlobalSection(SolutionProperties) = preSolution
		HideSolutionNode = FALSE
	EndGlobalSection
	GlobalSection(ProjectConfigurationPlatforms) = postSolution
		{1555D5BE-B79C-45EF-B1AE-9D519F69E485}.Debug|Any CPU.ActiveCfg = Debug|Any CPU
		{1555D5BE-B79C-45EF-B1AE-9D519F69E485}.Debug|Any CPU.Build.0 = Debug|Any CPU
		{1555D5BE-B79C-45EF-B1AE-9D519F69E485}.Release|Any CPU.ActiveCfg = Release|Any CPU
		{1555D5BE-B79C-45EF-B1AE-9D519F69E485}.Release|Any CPU.Build.0 = Release|Any CPU
		{003E48D6-756A-43A5-A31E-ABFD4E85540F}.Debug|Any CPU.ActiveCfg = Debug|Any CPU
		{003E48D6-756A-43A5-A31E-ABFD4E85540F}.Debug|Any CPU.Build.0 = Debug|Any CPU
		{003E48D6-756A-43A5-A31E-ABFD4E85540F}.Release|Any CPU.ActiveCfg = Release|Any CPU
		{003E48D6-756A-43A5-A31E-ABFD4E85540F}.Release|Any CPU.Build.0 = Release|Any CPU
		{A54BBA13-21C3-488B-B54E-A67456FA381F}.Debug|Any CPU.ActiveCfg = Debug|Any CPU
		{A54BBA13-21C3-488B-B54E-A67456FA381F}.Debug|Any CPU.Build.0 = Debug|Any CPU
		{A54BBA13-21C3-488B-B54E-A67456FA381F}.Release|Any CPU.ActiveCfg = Release|Any CPU
		{A54BBA13-21C3-488B-B54E-A67456FA381F}.Release|Any CPU.Build.0 = Release|Any CPU
	EndGlobalSection
EndGlobal
